
Microsoft Visual Studio Solution File, Format Version 12.00
# Visual Studio Version 17
VisualStudioVersion = 17.12.35527.113 d17.12
MinimumVisualStudioVersion = 10.0.40219.1
Project("{FAE04EC0-301F-11D3-BF4B-00C04F79EFBC}") = "Caffe", "Caffe\Caffe.csproj", "{5DACC3BA-22E4-497D-9908-07FC3D8E82EE}"
EndProject
Global
	GlobalSection(SolutionConfigurationPlatforms) = preSolution
		Debug|Any CPU = Debug|Any CPU
		Release|Any CPU = Release|Any CPU
	EndGlobalSection
	GlobalSection(ProjectConfigurationPlatforms) = postSolution
		{5DACC3BA-22E4-497D-9908-07FC3D8E82EE}.Debug|Any CPU.ActiveCfg = Debug|Any CPU
		{5DACC3BA-22E4-497D-9908-07FC3D8E82EE}.Debug|Any CPU.Build.0 = Debug|Any CPU
		{5DACC3BA-22E4-497D-9908-07FC3D8E82EE}.Release|Any CPU.ActiveCfg = Release|Any CPU
		{5DACC3BA-22E4-497D-9908-07FC3D8E82EE}.Release|Any CPU.Build.0 = Release|Any CPU
	EndGlobalSection
	GlobalSection(SolutionProperties) = preSolution
		HideSolutionNode = FALSE
	EndGlobalSection
EndGlobal
